
Microsoft Visual Studio Solution File, Format Version 12.00
# Visual Studio Version 17
VisualStudioVersion = 17.7.34018.315
MinimumVisualStudioVersion = 10.0.40219.1
Project("{2150E333-8FDC-42A3-9474-1A3956D46DE8}") = "Services", "Services", "{5AB41B5C-6371-4D00-9FFA-9ED5085C5622}"
EndProject
Project("{2150E333-8FDC-42A3-9474-1A3956D46DE8}") = "Catalog", "Catalog", "{8CC9060E-137D-4B32-8D83-B076CEE7076F}"
EndProject
Project("{9A19103F-16F7-4668-BE54-9A1E7A4F7556}") = "Catalog.API", "Services\Catalog\Catalog.API\Catalog.API.csproj", "{93642826-31D3-4955-9F63-53E7A2C10F74}"
EndProject
Project("{E53339B2-1760-4266-BCC7-CA923CBCF16C}") = "docker-compose", "docker-compose.dcproj", "{C00127C4-80C3-42C3-8A31-15BDFCFF8BDA}"
EndProject
Project("{2150E333-8FDC-42A3-9474-1A3956D46DE8}") = "Basket", "Basket", "{73B8157C-A666-4CD1-A0DE-D778C12D4483}"
EndProject
Project("{FAE04EC0-301F-11D3-BF4B-00C04F79EFBC}") = "Basket.API", "Services\Basket\Basket.API\Basket.API.csproj", "{71343231-A015-4B4E-9263-ADDE991E8D46}"
EndProject
Project("{2150E333-8FDC-42A3-9474-1A3956D46DE8}") = "Discount", "Discount", "{2D83533D-4828-4019-941D-5B8E910CDFEC}"
EndProject
Project("{FAE04EC0-301F-11D3-BF4B-00C04F79EFBC}") = "Discount.API", "services\Discount\Discount.API\Discount.API.csproj", "{47695C84-E660-4E85-8B31-086FFB629511}"
EndProject
Global
	GlobalSection(SolutionConfigurationPlatforms) = preSolution
		Debug|Any CPU = Debug|Any CPU
		Release|Any CPU = Release|Any CPU
	EndGlobalSection
	GlobalSection(ProjectConfigurationPlatforms) = postSolution
		{93642826-31D3-4955-9F63-53E7A2C10F74}.Debug|Any CPU.ActiveCfg = Debug|Any CPU
		{93642826-31D3-4955-9F63-53E7A2C10F74}.Debug|Any CPU.Build.0 = Debug|Any CPU
		{93642826-31D3-4955-9F63-53E7A2C10F74}.Release|Any CPU.ActiveCfg = Release|Any CPU
		{93642826-31D3-4955-9F63-53E7A2C10F74}.Release|Any CPU.Build.0 = Release|Any CPU
		{C00127C4-80C3-42C3-8A31-15BDFCFF8BDA}.Debug|Any CPU.ActiveCfg = Debug|Any CPU
		{C00127C4-80C3-42C3-8A31-15BDFCFF8BDA}.Debug|Any CPU.Build.0 = Debug|Any CPU
		{C00127C4-80C3-42C3-8A31-15BDFCFF8BDA}.Release|Any CPU.ActiveCfg = Release|Any CPU
		{C00127C4-80C3-42C3-8A31-15BDFCFF8BDA}.Release|Any CPU.Build.0 = Release|Any CPU
		{71343231-A015-4B4E-9263-ADDE991E8D46}.Debug|Any CPU.ActiveCfg = Debug|Any CPU
		{71343231-A015-4B4E-9263-ADDE991E8D46}.Debug|Any CPU.Build.0 = Debug|Any CPU
		{71343231-A015-4B4E-9263-ADDE991E8D46}.Release|Any CPU.ActiveCfg = Release|Any CPU
		{71343231-A015-4B4E-9263-ADDE991E8D46}.Release|Any CPU.Build.0 = Release|Any CPU
		{47695C84-E660-4E85-8B31-086FFB629511}.Debug|Any CPU.ActiveCfg = Debug|Any CPU
		{47695C84-E660-4E85-8B31-086FFB629511}.Debug|Any CPU.Build.0 = Debug|Any CPU
		{47695C84-E660-4E85-8B31-086FFB629511}.Release|Any CPU.ActiveCfg = Release|Any CPU
		{47695C84-E660-4E85-8B31-086FFB629511}.Release|Any CPU.Build.0 = Release|Any CPU
	EndGlobalSection
	GlobalSection(SolutionProperties) = preSolution
		HideSolutionNode = FALSE
	EndGlobalSection
	GlobalSection(NestedProjects) = preSolution
		{8CC9060E-137D-4B32-8D83-B076CEE7076F} = {5AB41B5C-6371-4D00-9FFA-9ED5085C5622}
		{93642826-31D3-4955-9F63-53E7A2C10F74} = {8CC9060E-137D-4B32-8D83-B076CEE7076F}
		{73B8157C-A666-4CD1-A0DE-D778C12D4483} = {5AB41B5C-6371-4D00-9FFA-9ED5085C5622}
		{71343231-A015-4B4E-9263-ADDE991E8D46} = {73B8157C-A666-4CD1-A0DE-D778C12D4483}
		{2D83533D-4828-4019-941D-5B8E910CDFEC} = {5AB41B5C-6371-4D00-9FFA-9ED5085C5622}
		{47695C84-E660-4E85-8B31-086FFB629511} = {2D83533D-4828-4019-941D-5B8E910CDFEC}
	EndGlobalSection
	GlobalSection(ExtensibilityGlobals) = postSolution
		SolutionGuid = {C93CAEA8-CEBF-482B-9B75-AECB115F9061}
	EndGlobalSection
EndGlobal
